
Microsoft Visual Studio Solution File, Format Version 12.00
# Visual Studio Version 16
VisualStudioVersion = 16.0.30717.126
MinimumVisualStudioVersion = 10.0.40219.1
Project("{9A19103F-16F7-4668-BE54-9A1E7A4F7556}") = "Projet", "Projet\Projet.csproj", "{DC8F813F-2140-4140-948C-400E7799B7DA}"
EndProject
Project("{9A19103F-16F7-4668-BE54-9A1E7A4F7556}") = "ClassProject", "ClassProject\ClassProject.csproj", "{56D72C2A-473D-4AB4-8271-B75FC5C864F8}"
EndProject
Project("{9A19103F-16F7-4668-BE54-9A1E7A4F7556}") = "BlazorApp", "BlazorApp\BlazorApp.csproj", "{16CD6C87-62EA-4732-917A-25A6D18F066E}"
EndProject
Global
	GlobalSection(SolutionConfigurationPlatforms) = preSolution
		Debug|Any CPU = Debug|Any CPU
		Release|Any CPU = Release|Any CPU
	EndGlobalSection
	GlobalSection(ProjectConfigurationPlatforms) = postSolution
		{DC8F813F-2140-4140-948C-400E7799B7DA}.Debug|Any CPU.ActiveCfg = Debug|Any CPU
		{DC8F813F-2140-4140-948C-400E7799B7DA}.Debug|Any CPU.Build.0 = Debug|Any CPU
		{DC8F813F-2140-4140-948C-400E7799B7DA}.Release|Any CPU.ActiveCfg = Release|Any CPU
		{DC8F813F-2140-4140-948C-400E7799B7DA}.Release|Any CPU.Build.0 = Release|Any CPU
		{56D72C2A-473D-4AB4-8271-B75FC5C864F8}.Debug|Any CPU.ActiveCfg = Debug|Any CPU
		{56D72C2A-473D-4AB4-8271-B75FC5C864F8}.Debug|Any CPU.Build.0 = Debug|Any CPU
		{56D72C2A-473D-4AB4-8271-B75FC5C864F8}.Release|Any CPU.ActiveCfg = Release|Any CPU
		{56D72C2A-473D-4AB4-8271-B75FC5C864F8}.Release|Any CPU.Build.0 = Release|Any CPU
		{16CD6C87-62EA-4732-917A-25A6D18F066E}.Debug|Any CPU.ActiveCfg = Debug|Any CPU
		{16CD6C87-62EA-4732-917A-25A6D18F066E}.Debug|Any CPU.Build.0 = Debug|Any CPU
		{16CD6C87-62EA-4732-917A-25A6D18F066E}.Release|Any CPU.ActiveCfg = Release|Any CPU
		{16CD6C87-62EA-4732-917A-25A6D18F066E}.Release|Any CPU.Build.0 = Release|Any CPU
	EndGlobalSection
	GlobalSection(SolutionProperties) = preSolution
		HideSolutionNode = FALSE
	EndGlobalSection
	GlobalSection(ExtensibilityGlobals) = postSolution
		SolutionGuid = {BAA0154B-BFBD-4243-882E-9DEAEEA27CED}
	EndGlobalSection
EndGlobal
